
Microsoft Visual Studio Solution File, Format Version 12.00
# Visual Studio Version 16
VisualStudioVersion = 16.0.31624.102
MinimumVisualStudioVersion = 10.0.40219.1
Project("{9A19103F-16F7-4668-BE54-9A1E7A4F7556}") = "userApi", "userApi\userApi.csproj", "{F56FEA57-5F45-44F8-AAF0-45AACA879E91}"
EndProject
Project("{2150E333-8FDC-42A3-9474-1A3956D46DE8}") = "Solution Items", "Solution Items", "{FE3E8FDA-84A0-4481-BD7C-02AEBB6E74EC}"
EndProject
Project("{9A19103F-16F7-4668-BE54-9A1E7A4F7556}") = "UserApiTest", "UserApiTest\UserApiTest.csproj", "{2CE0B34E-74C0-451B-9628-7F0F68A4D76C}"
	ProjectSection(ProjectDependencies) = postProject
		{F56FEA57-5F45-44F8-AAF0-45AACA879E91} = {F56FEA57-5F45-44F8-AAF0-45AACA879E91}
	EndProjectSection
EndProject
Global
	GlobalSection(SolutionConfigurationPlatforms) = preSolution
		Debug|Any CPU = Debug|Any CPU
		Release|Any CPU = Release|Any CPU
	EndGlobalSection
	GlobalSection(ProjectConfigurationPlatforms) = postSolution
		{F56FEA57-5F45-44F8-AAF0-45AACA879E91}.Debug|Any CPU.ActiveCfg = Debug|Any CPU
		{F56FEA57-5F45-44F8-AAF0-45AACA879E91}.Debug|Any CPU.Build.0 = Debug|Any CPU
		{F56FEA57-5F45-44F8-AAF0-45AACA879E91}.Release|Any CPU.ActiveCfg = Release|Any CPU
		{F56FEA57-5F45-44F8-AAF0-45AACA879E91}.Release|Any CPU.Build.0 = Release|Any CPU
		{2CE0B34E-74C0-451B-9628-7F0F68A4D76C}.Debug|Any CPU.ActiveCfg = Debug|Any CPU
		{2CE0B34E-74C0-451B-9628-7F0F68A4D76C}.Debug|Any CPU.Build.0 = Debug|Any CPU
		{2CE0B34E-74C0-451B-9628-7F0F68A4D76C}.Release|Any CPU.ActiveCfg = Release|Any CPU
		{2CE0B34E-74C0-451B-9628-7F0F68A4D76C}.Release|Any CPU.Build.0 = Release|Any CPU
	EndGlobalSection
	GlobalSection(SolutionProperties) = preSolution
		HideSolutionNode = FALSE
	EndGlobalSection
	GlobalSection(ExtensibilityGlobals) = postSolution
		SolutionGuid = {6D1F5BE3-63BF-4E49-9AE3-99050B11C768}
	EndGlobalSection
EndGlobal
